{
  "object": {
    "pins": [
      {
        "package": "Chord",
        "repositoryURL": "https://github.com/OperatorFoundation/Chord.git",
        "state": {
          "branch": null,
          "revision": "25e5267c7dde0df1f7bcc285979f6302d46f7101",
          "version": "0.0.12"
        }
      },
      {
        "package": "Datable",
        "repositoryURL": "https://github.com/OperatorFoundation/Datable.git",
        "state": {
          "branch": null,
          "revision": "e2163df049181fc3ec710a4647f0109563cf490f",
          "version": "3.0.5"
        }
      },
      {
        "package": "swift-log",
        "repositoryURL": "https://github.com/apple/swift-log.git",
        "state": {
          "branch": null,
          "revision": "5d66f7ba25daf4f94100e7022febf3c75e37a6c7",
          "version": "1.4.2"
        }
      },
      {
        "package": "SwiftHexTools",
        "repositoryURL": "https://github.com/OperatorFoundation/SwiftHexTools.git",
        "state": {
          "branch": null,
          "revision": "9733f11312d319a4c189ffc00f9824f514e7e153",
          "version": "1.2.3"
        }
      },
      {
        "package": "SwiftQueue",
        "repositoryURL": "https://github.com/OperatorFoundation/SwiftQueue",
        "state": {
          "branch": null,
          "revision": "eaa39c586fddb49ad1e0e8b5b3e9b0aaf0b3be82",
          "version": "0.1.0"
        }
      },
      {
        "package": "Transmission",
        "repositoryURL": "https://github.com/OperatorFoundation/Transmission.git",
        "state": {
          "branch": null,
          "revision": "fa753bdc15c146d84688607096827618584af5aa",
          "version": "0.2.3"
        }
      },
      {
        "package": "Transport",
        "repositoryURL": "https://github.com/OperatorFoundation/Transport.git",
        "state": {
          "branch": null,
          "revision": "b5ac00eac45a2e57923540c1fd80c734fe160ffe",
          "version": "2.3.5"
        }
      }
    ]
  },
  "version": 1
}
